#MicroXplorer Configuration settings - do not modify
Mcu.Family=STM32F1
ProjectManager.MainLocation=Core/Src
RCC.MCOFreq_Value=72000000
ProjectManager.KeepUserCode=true
Mcu.UserName=STM32F103C8Tx
SPI2.VirtualType=VM_MASTER
RCC.PLLCLKFreq_Value=72000000
PC13-TAMPER-RTC.GPIOParameters=GPIO_Label
ProjectManager.functionlistsort=1-MX_GPIO_Init-GPIO-false-HAL-true,2-SystemClock_Config-RCC-false-HAL-false,3-MX_TIM2_Init-TIM2-false-HAL-true,4-MX_USART1_UART_Init-USART1-false-HAL-true,5-MX_SPI2_Init-SPI2-false-HAL-true
RCC.ADCFreqValue=36000000
PB0.GPIO_Label=lcd_rs
PB6.GPIO_Label=lcd_d2
USART1.IPParameters=VirtualMode
PB11.Signal=GPIO_Output
PB13.Signal=SPI2_SCK
PB15.Signal=SPI2_MOSI
PinOutPanel.RotationAngle=0
RCC.SYSCLKSource=RCC_SYSCLKSOURCE_PLLCLK
ProjectManager.StackSize=0x400
PB5.GPIOParameters=GPIO_Label
PD1-OSC_OUT.Signal=RCC_OSC_OUT
Mcu.IP4=TIM2
RCC.FCLKCortexFreq_Value=72000000
Mcu.IP5=TIM3
NVIC.SVCall_IRQn=true\:0\:0\:false\:false\:true\:false\:false
Mcu.IP2=SPI2
Mcu.IP3=SYS
PB4.GPIOParameters=GPIO_Label
Mcu.IP0=NVIC
Mcu.IP1=RCC
SPI2.CLKPolarity=SPI_POLARITY_LOW
Mcu.UserConstants=PERIOD,5000
Mcu.ThirdPartyNb=0
RCC.HCLKFreq_Value=72000000
Mcu.IPNb=7
TIM2.IPParameters=Channel-PWM Generation1 CH1,Prescaler
ProjectManager.PreviousToolchain=STM32CubeIDE
RCC.APB2TimFreq_Value=72000000
TIM3.Period=PERIOD
PB6.Signal=GPIO_Output
Mcu.Pin6=PB0
Mcu.Pin7=PB1
Mcu.Pin8=PB10
Mcu.Pin9=PB11
RCC.AHBFreq_Value=72000000
SPI2.BaudRatePrescaler=SPI_BAUDRATEPRESCALER_256
Mcu.Pin0=PC13-TAMPER-RTC
Mcu.Pin1=PC14-OSC32_IN
GPIO.groupedBy=Group By Peripherals
Mcu.Pin2=PC15-OSC32_OUT
Mcu.Pin3=PD0-OSC_IN
Mcu.Pin4=PD1-OSC_OUT
Mcu.Pin5=PA0-WKUP
ProjectManager.ProjectBuild=false
NVIC.UsageFault_IRQn=true\:0\:0\:false\:false\:true\:false\:false
NVIC.DebugMonitor_IRQn=true\:0\:0\:false\:false\:true\:false\:false
NVIC.SysTick_IRQn=true\:0\:0\:false\:false\:true\:false\:true
RCC.PLLMUL=RCC_PLL_MUL9
PB12.GPIO_Label=SPI2_NSS
ProjectManager.FirmwarePackage=STM32Cube FW_F1 V1.8.3
MxDb.Version=DB.6.0.21
PB0.GPIOParameters=GPIO_Label
ProjectManager.BackupPrevious=false
PC14-OSC32_IN.Mode=LSE-External-Oscillator
PA14.Mode=Serial_Wire
PB14.Mode=Full_Duplex_Master
TIM3.Prescaler=7199
PB1.GPIO_Label=lcd_rw
File.Version=6
SPI2.CalculateBaudRate=140.625 KBits/s
PB3.GPIOParameters=GPIO_Label
PB7.Signal=GPIO_Output
PB8.Locked=true
NVIC.SPI2_IRQn=true\:0\:0\:false\:false\:true\:true\:true
TIM2.Channel-PWM\ Generation1\ CH1=TIM_CHANNEL_1
PB6.Locked=true
NVIC.PendSV_IRQn=true\:0\:0\:false\:false\:true\:false\:false
PB6.GPIOParameters=GPIO_Label
ProjectManager.HalAssertFull=true
PB0.Locked=true
ProjectManager.ProjectName=STC
RCC.PLLMCOFreq_Value=36000000
PB7.GPIO_Label=lcd_d3
Mcu.Package=LQFP48
PB9.Signal=GPIO_Output
TIM2.Prescaler=65535
PB14.GPIO_PuPd=GPIO_PULLUP
PB1.Signal=GPIO_Output
SPI2.Mode=SPI_MODE_MASTER
ProjectManager.ToolChainLocation=
VP_SYS_VS_Systick.Signal=SYS_VS_Systick
PA10.Signal=USART1_RX
PB14.GPIOParameters=GPIO_PuPd
SPI2.CLKPhase=SPI_PHASE_1EDGE
PB5.GPIO_Label=lcd_d1
RCC.APB1TimFreq_Value=72000000
NVIC.BusFault_IRQn=true\:0\:0\:false\:false\:true\:false\:false
VP_TIM3_VS_no_output3.Signal=TIM3_VS_no_output3
SPI2.Direction=SPI_DIRECTION_2LINES
PB10.GPIOParameters=GPIO_Label
PB13.Mode=Full_Duplex_Master
ProjectManager.CustomerFirmwarePackage=
PB3.Locked=true
PB4.Signal=GPIO_Output
PB3.GPIO_Label=lcd_en
RCC.PLLSourceVirtual=RCC_PLLSOURCE_HSE
PC15-OSC32_OUT.Mode=LSE-External-Oscillator
ProjectManager.ProjectFileName=STC.ioc
PB8.GPIOParameters=GPIO_Label
PD1-OSC_OUT.Mode=HSE-External-Oscillator
PB9.GPIO_Label=lcd_d5
PA10.Mode=Asynchronous
Mcu.PinsNb=27
VP_TIM3_VS_no_output3.Mode=PWM Generation3 No Output
ProjectManager.NoMain=false
PB11.GPIO_Label=lcd_d7
PC13-TAMPER-RTC.Signal=GPIO_Output
ProjectManager.DefaultFWLocation=true
PD0-OSC_IN.Signal=RCC_OSC_IN
TIM3.Pulse-PWM\ Generation3\ No\ Output=PERIOD/2
PB12.Locked=true
ProjectManager.DeletePrevious=true
RCC.APB1CLKDivider=RCC_HCLK_DIV2
PB10.Locked=true
PC14-OSC32_IN.Signal=RCC_OSC32_IN
SH.S_TIM2_CH1_ETR.ConfNb=1
RCC.FamilyName=M
PA0-WKUP.Signal=S_TIM2_CH1_ETR
PB9.GPIOParameters=GPIO_Label
PA13.Signal=SYS_JTMS-SWDIO
PB8.GPIO_Label=lcd_d4
PA9.Mode=Asynchronous
ProjectManager.TargetToolchain=STM32CubeIDE
PB10.GPIO_Label=lcd_d6
PB7.GPIOParameters=GPIO_Label
PA9.Signal=USART1_TX
PB11.GPIOParameters=GPIO_Label
PB5.Locked=true
PB9.Locked=true
SPI2.IPParameters=VirtualType,Mode,Direction,CalculateBaudRate,BaudRatePrescaler,DataSize,CLKPhase,CLKPolarity
ProjectManager.RegisterCallBack=
PC13-TAMPER-RTC.Locked=true
RCC.USBFreq_Value=72000000
PC15-OSC32_OUT.Signal=RCC_OSC32_OUT
PB1.Locked=true
PD0-OSC_IN.Mode=HSE-External-Oscillator
PB10.Signal=GPIO_Output
PB14.Signal=SPI2_MISO
board=custom
ProjectManager.LastFirmware=true
PC13-TAMPER-RTC.GPIO_Label=LED
PB15.Mode=Full_Duplex_Master
NVIC.TIM3_IRQn=true\:0\:0\:false\:false\:true\:true\:true
RCC.VCOOutput2Freq_Value=8000000
RCC.APB2Freq_Value=72000000
MxCube.Version=6.2.1
PB4.GPIO_Label=lcd_d0
VP_SYS_VS_Systick.Mode=SysTick
TIM3.IPParameters=Channel-PWM Generation3 No Output,Prescaler,Period,Pulse-PWM Generation3 No Output
NVIC.NonMaskableInt_IRQn=true\:0\:0\:false\:false\:true\:false\:false
PA13.Mode=Serial_Wire
ProjectManager.FreePins=false
RCC.IPParameters=ADCFreqValue,AHBFreq_Value,APB1CLKDivider,APB1Freq_Value,APB1TimFreq_Value,APB2Freq_Value,APB2TimFreq_Value,FCLKCortexFreq_Value,FamilyName,HCLKFreq_Value,MCOFreq_Value,PLLCLKFreq_Value,PLLMCOFreq_Value,PLLMUL,PLLSourceVirtual,SYSCLKFreq_VALUE,SYSCLKSource,TimSysFreq_Value,USBFreq_Value,VCOOutput2Freq_Value
ProjectManager.AskForMigrate=true
Mcu.Name=STM32F103C(8-B)Tx
Mcu.Pin26=VP_TIM3_VS_no_output3
Mcu.Pin24=PB9
ProjectManager.UnderRoot=true
Mcu.Pin25=VP_SYS_VS_Systick
Mcu.IP6=USART1
ProjectManager.CoupleFile=false
PB4.Locked=true
TIM3.Channel-PWM\ Generation3\ No\ Output=TIM_CHANNEL_3
PB3.Signal=GPIO_Output
RCC.SYSCLKFreq_VALUE=72000000
Mcu.Pin22=PB7
PB5.Signal=GPIO_Output
Mcu.Pin23=PB8
RCC.TimSysFreq_Value=72000000
Mcu.Pin20=PB5
Mcu.Pin21=PB6
NVIC.ForceEnableDMAVector=true
KeepUserPlacement=false
NVIC.MemoryManagement_IRQn=true\:0\:0\:false\:false\:true\:false\:false
USART1.VirtualMode=VM_ASYNC
ProjectManager.CompilerOptimize=6
SH.S_TIM2_CH1_ETR.0=TIM2_CH1,PWM Generation1 CH1
PA14.Signal=SYS_JTCK-SWCLK
ProjectManager.HeapSize=0x200
Mcu.Pin15=PA10
NVIC.HardFault_IRQn=true\:0\:0\:false\:false\:true\:false\:false
Mcu.Pin16=PA13
Mcu.Pin13=PB15
Mcu.Pin14=PA9
Mcu.Pin19=PB4
ProjectManager.ComputerToolchain=false
Mcu.Pin17=PA14
Mcu.Pin18=PB3
NVIC.PriorityGroup=NVIC_PRIORITYGROUP_4
Mcu.Pin11=PB13
Mcu.Pin12=PB14
Mcu.Pin10=PB12
PB7.Locked=true
PB8.Signal=GPIO_Output
SPI2.DataSize=SPI_DATASIZE_16BIT
RCC.APB1Freq_Value=36000000
PB0.Signal=GPIO_Output
PB11.Locked=true
ProjectManager.DeviceId=STM32F103C8Tx
PB12.GPIOParameters=GPIO_Label
PB12.Signal=GPIO_Output
ProjectManager.LibraryCopy=1
PB1.GPIOParameters=GPIO_Label
isbadioc=false
